
Microsoft Visual Studio Solution File, Format Version 12.00
# Visual Studio Version 17
VisualStudioVersion = 17.11.35312.102
MinimumVisualStudioVersion = 10.0.40219.1
Project("{FAE04EC0-301F-11D3-BF4B-00C04F79EFBC}") = "RequestsApp", "RequestsApp.csproj", "{DF7F976E-1B61-4B65-9555-0A7A627A7463}"
EndProject
Global
	GlobalSection(SolutionConfigurationPlatforms) = preSolution
		Debug|Any CPU = Debug|Any CPU
		Release|Any CPU = Release|Any CPU
	EndGlobalSection
	GlobalSection(ProjectConfigurationPlatforms) = postSolution
		{DF7F976E-1B61-4B65-9555-0A7A627A7463}.Debug|Any CPU.ActiveCfg = Debug|Any CPU
		{DF7F976E-1B61-4B65-9555-0A7A627A7463}.Debug|Any CPU.Build.0 = Debug|Any CPU
		{DF7F976E-1B61-4B65-9555-0A7A627A7463}.Debug|Any CPU.Deploy.0 = Debug|Any CPU
		{DF7F976E-1B61-4B65-9555-0A7A627A7463}.Release|Any CPU.ActiveCfg = Release|Any CPU
		{DF7F976E-1B61-4B65-9555-0A7A627A7463}.Release|Any CPU.Build.0 = Release|Any CPU
		{DF7F976E-1B61-4B65-9555-0A7A627A7463}.Release|Any CPU.Deploy.0 = Release|Any CPU
	EndGlobalSection
	GlobalSection(SolutionProperties) = preSolution
		HideSolutionNode = FALSE
	EndGlobalSection
	GlobalSection(ExtensibilityGlobals) = postSolution
		SolutionGuid = {0F5C5EAA-3872-41EE-951D-082C9FC392AE}
	EndGlobalSection
EndGlobal
